github.com/Masterminds/semver v1.5.0 h1:H65muMkzWKEuNDnfl9d70GUjFniHKHRbFPGBuZ3QEww=
github.com/Masterminds/semver v1.5.0/go.mod h1:MB6lktGJrhw8PrUyiEoblNEGEQ+RzHPF078ddwwvV3Y=
github.com/aluedeke/go-codesign v0.0.6 h1:TNwWlAc6Q9ZnzY1o5t2jFGFsjhovpimKr2qC6CGRiL0=
github.com/aluedeke/go-codesign v0.0.6/go.mod h1:KzRmEEuUUIOs/JFD8A+50LWk+RhLoy3T03NtC1SdMdU=
github.com/blacktop/go-dwarf v1.0.14 h1:OjmzfSgg/qAKckn2tWFebcgKgJ7HOqCj7bS+CiE1lrY=
github.com/blacktop/go-dwarf v1.0.14/go.mod h1:4W2FKgSFYcZLDwnR7k+apv5i3nrau4NGl9N6VQ9DSTo=
github.com/blacktop/go-macho v1.1.258 h1:Un/fTCW0TAh5xloBLKESC7HgJsvIGvErCRTkiI51Qvw=
github.com/blacktop/go-macho v1.1.258/go.mod h1:Hc5E2Lvt/U1VT+jOxr1O5l/LNFJeMYK4eAmDfazTiGc=
github.com/cenkalti/backoff v2.2.1+incompatible h1:tNowT99t7UNflLxfYYSlKYsBpXdEet03Pg2g16Swow4=
github.com/cenkalti/backoff v2.2.1+incompatible/go.mod h1:90ReRw6GdpyfrHakVjL/QHaoyV4aDUVVkXQJJJ3NXXM=
github.com/creack/pty v1.1.9/go.mod h1:oKZEueFk5CKHvIhNR5MUki03XCEU+Q6VDXinZuGJ33E=
github.com/davecgh/go-spew v1.1.1 h1:vj9j/u1bqnvCEfJOwUhtlOARqs3+rkHYY13jYWTU97c=
github.com/davecgh/go-spew v1.1.1/go.mod h1:J7Y8YcW2NihsgmVo/mv3lAwl/skON4iLHjSsI+c5H38=
github.com/docopt/docopt-go v0.0.0-20180111231733-ee0de3bc6815 h1:bWDMxwH3px2JBh6AyO7hdCn/PkvCZXii8TGj7sbtEbQ=
github.com/docopt/docopt-go v0.0.0-20180111231733-ee0de3bc6815/go.mod h1:WwZ+bS3ebgob9U8Nd0kOddGdZWjyMGR8Wziv+TBNwSE=
github.com/elazarl/goproxy v0.0.0-20240726154733-8b0c20506380 h1:1NyRx2f4W4WBRyg0Kys0ZbaNmDDzZ2R/C7DTi+bbsJ0=
github.com/elazarl/goproxy v0.0.0-20240726154733-8b0c20506380/go.mod h1:thX175TtLTzLj3p7N/Q9IiKZ7NF+p72cvL91emV0hzo=
github.com/elazarl/goproxy/ext v0.0.0-20190711103511-473e67f1d7d2 h1:dWB6v3RcOy03t/bUadywsbyrQwCqZeNIEX6M1OtSZOM=
github.com/elazarl/goproxy/ext v0.0.0-20190711103511-473e67f1d7d2/go.mod h1:gNh8nYJoAm43RfaxurUnxr+N1PwuFV3ZMl/efxlIlY8=
github.com/frankban/quicktest v1.14.6 h1:7Xjx+VpznH+oBnejlPUj8oUpdxnVs4f8XU8WnHkI4W8=
github.com/frankban/quicktest v1.14.6/go.mod h1:4ptaffx2x8+WTWXmUCuVU6aPUX1/Mz7zb5vbUoiM6w0=
github.com/google/btree v1.1.2 h1:xf4v41cLI2Z6FxbKm+8Bu+m8ifhj15JuZ9sa0jZCMUU=
github.com/google/btree v1.1.2/go.mod h1:qOPhT0dTNdNzV6Z/lhRX0YXUafgPLFUh+gZMl761Gm4=
github.com/google/go-cmp v0.5.9/go.mod h1:17dUlkBOakJ0+DkrSSNjCkIjxS6bF9zb3elmeNGIjoY=
github.com/google/go-cmp v0.6.0 h1:ofyhxvXcZhMsU5ulbFiLKl/XBFqE1GSq7atu8tAmTRI=
github.com/google/go-cmp v0.6.0/go.mod h1:17dUlkBOakJ0+DkrSSNjCkIjxS6bF9zb3elmeNGIjoY=
github.com/google/gopacket v1.1.19 h1:ves8RnFZPGiFnTS0uPQStjwru6uO6h+nlr9j6fL7kF8=
github.com/google/gopacket v1.1.19/go.mod h1:iJ8V8n6KS+z2U1A8pUwu8bW5SyEMkXJB8Yo/Vo+TKTo=
github.com/google/uuid v1.1.2 h1:EVhdT+1Kseyi1/pUmXKaFxYsDNy9RQYkMWRH68J/W7Y=
github.com/google/uuid v1.1.2/go.mod h1:TIyPZe4MgqvfeYDBFedMoGGpEw/LqOeaOT+nhxU+yHo=
github.com/gorilla/websocket v1.5.3 h1:saDtZ6Pbx/0u+bgYQ3q96pZgCzfhKXGPqt7kZ72aNNg=
github.com/gorilla/websocket v1.5.3/go.mod h1:YR8l580nyteQvAITg2hZ9XVh4b55+EU/adAjf1fMHhE=
github.com/grandcat/zeroconf v1.0.0 h1:uHhahLBKqwWBV6WZUDAT71044vwOTL+McW0mBJvo6kE=
github.com/grandcat/zeroconf v1.0.0/go.mod h1:lTKmG1zh86XyCoUeIHSA4FJMBwCJiQmGfcP2PdzytEs=
github.com/jessevdk/go-flags v1.4.0/go.mod h1:4FA24M0QyGHXBuZZK/XkWh8h0e1EYbRYJSGM75WSRxI=
github.com/kr/pretty v0.3.1 h1:flRD4NNwYAUpkphVc1HcthR4KEIFJ65n8Mw5qdRn3LE=
github.com/kr/pretty v0.3.1/go.mod h1:hoEshYVHaxMs3cyo3Yncou5ZscifuDolrwPKZanG3xk=
github.com/kr/text v0.2.0 h1:5Nx0Ya0ZqY2ygV366QzturHI13Jq95ApcVaJBhpS+AY=
github.com/kr/text v0.2.0/go.mod h1:eLer722TekiGuMkidMxC/pM04lWEeraHUUmBw8l2grE=
github.com/lunixbochs/struc v0.0.0-20200707160740-784aaebc1d40 h1:EnfXoSqDfSNJv0VBNqY/88RNnhSGYkrHaO0mmFGbVsc=
github.com/lunixbochs/struc v0.0.0-20200707160740-784aaebc1d40/go.mod h1:vy1vK6wD6j7xX6O6hXe621WabdtNkou2h7uRtTfRMyg=
github.com/miekg/dns v1.1.27/go.mod h1:KNUDUusw/aVsxyTYZM1oqvCicbwhgbNgztCETuNZ7xM=
github.com/miekg/dns v1.1.57 h1:Jzi7ApEIzwEPLHWRcafCN9LZSBbqQpxjt/wpgvg7wcM=
github.com/miekg/dns v1.1.57/go.mod h1:uqRjCRUuEAA6qsOiJvDd+CFo/vW+y5WR6SNmHE55hZk=
github.com/pierrec/lz4 v2.6.1+incompatible h1:9UY3+iC23yxF0UfGaYrGplQ+79Rg+h/q9FV9ix19jjM=
github.com/pierrec/lz4 v2.6.1+incompatible/go.mod h1:pdkljMzZIN41W+lC3N2tnIh5sFi+IEE17M5jbnwPHcY=
github.com/pkg/diff v0.0.0-20210226163009-20ebb0f2a09e/go.mod h1:pJLUxLENpZxwdsKMEsNbx1VGcRFpLqf3715MtcvvzbA=
github.com/pkg/errors v0.9.1 h1:FEBLx1zS214owpjy7qsBeixbURkuhQAwrK5UwLGTwt4=
github.com/pkg/errors v0.9.1/go.mod h1:bwawxfHBFNV+L2hUp1rHADufV3IMtnDRdf1r5NINEl0=
github.com/pmezard/go-difflib v1.0.0 h1:4DBwDE0NGyQoBHbLQYPwSUPoCMWR5BEzIk/f1lZbAQM=
github.com/pmezard/go-difflib v1.0.0/go.mod h1:iKH77koFhYxTK1pcRnkKkqfTogsbg7gZNVY4sRDYZ/4=
github.com/quic-go/quic-go v0.59.1 h1:0Gmua0HW1Tv7ANR7hUYwRyD0MG5OJfgvYSZasGZzBic=
github.com/quic-go/quic-go v0.59.1/go.mod h1:upnsH4Ju1YkqpLXC305eW3yDZ4NfnNbmQRCMWS58IKU=
github.com/rogpeppe/go-internal v1.9.0/go.mod h1:WtVeX8xhTBvf0smdhujwtBcq4Qrzq/fJaraNFVN+nFs=
github.com/rogpeppe/go-internal v1.10.0 h1:TMyTOH3F/DB16zRVcYyreMH6GnZZrwQVAoYjRBZyWFQ=
github.com/rogpeppe/go-internal v1.10.0/go.mod h1:UQnix2H7Ngw/k4C5ijL5+65zddjncjaFoBhdsK/akog=
github.com/songgao/water v0.0.0-20200317203138-2b4b6d7c09d8 h1:TG/diQgUe0pntT/2D9tmUCz4VNwm9MfrtPr0SU2qSX8=
github.com/songgao/water v0.0.0-20200317203138-2b4b6d7c09d8/go.mod h1:P5HUIBuIWKbyjl083/loAegFkfbFNx5i2qEP4CNbm7E=
github.com/stretchr/objx v0.5.2 h1:xuMeJ0Sdp5ZMRXx/aWO6RZxdr3beISkG5/G/aIRr3pY=
github.com/stretchr/objx v0.5.2/go.mod h1:FRsXN1f5AsAjCGJKqEizvkpNtU+EGNCLh3NxZ/8L+MA=
github.com/stretchr/testify v1.11.1 h1:7s2iGBzp5EwR7/aIZr8ao5+dra3wiQyKjjFuvgVKu7U=
github.com/stretchr/testify v1.11.1/go.mod h1:wZwfW3scLgRK+23gO65QZefKpKQRnfz6sD981Nm4B6U=
github.com/tadglines/go-pkgs v0.0.0-20210623144937-b983b20f54f9 h1:aeN+ghOV0b2VCmKKO3gqnDQ8mLbpABZgRR2FVYx4ouI=
github.com/tadglines/go-pkgs v0.0.0-20210623144937-b983b20f54f9/go.mod h1:roo6cZ/uqpwKMuvPG0YmzI5+AmUiMWfjCBZpGXqbTxE=
github.com/vishvananda/netlink v1.3.1 h1:3AEMt62VKqz90r0tmNhog0r/PpWKmrEShJU0wJW6bV0=
github.com/vishvananda/netlink v1.3.1/go.mod h1:ARtKouGSTGchR8aMwmkzC0qiNPrrWO5JS/XMVl45+b4=
github.com/vishvananda/netns v0.0.5 h1:DfiHV+j8bA32MFM7bfEunvT8IAqQ/NzSJHtcmW5zdEY=
github.com/vishvananda/netns v0.0.5/go.mod h1:SpkAiCQRtJ6TvvxPnOSyH3BMl6unz3xZlaprSwhNNJM=
go.mozilla.org/pkcs7 v0.9.0 h1:yM4/HS9dYv7ri2biPtxt8ikvB37a980dg69/pKmS+eI=
go.mozilla.org/pkcs7 v0.9.0/go.mod h1:SNgMg+EgDFwmvSmLRTNKC5fegJjB7v23qTQ0XLGUNHk=
go.uber.org/mock v0.5.2 h1:LbtPTcP8A5k9WPXj54PPPbjcI4Y6lhyOZXn+VS7wNko=
go.uber.org/mock v0.5.2/go.mod h1:wLlUxC2vVTPTaE3UD51E0BGOAElKrILxhVSDYQLld5o=
golang.org/x/crypto v0.0.0-20190308221718-c2843e01d9a2/go.mod h1:djNgcEr1/C05ACkg1iLfiJU5Ep61QUkGW8qpdssI0+w=
golang.org/x/crypto v0.0.0-20191011191535-87dc89f01550/go.mod h1:yigFU9vqHzYiE8UmvKecakEJjdnWj3jj499lnFckfCI=
golang.org/x/crypto v0.52.0 h1:RMs7fP2rXdep0CftQlK8Uf+kibLm7qkCcradZWYz988=
golang.org/x/crypto v0.52.0/go.mod h1:1QgfPxDqh0T2M/elOJtp9RvuR95kVjir0e6/BvEmGbc=
golang.org/x/exp v0.0.0-20230725093048-515e97ebf090 h1:Di6/M8l0O2lCLc6VVRWhgCiApHV8MnQurBnFSHsQtNY=
golang.org/x/exp v0.0.0-20230725093048-515e97ebf090/go.mod h1:FXUEEKJgO7OQYeo8N01OfiKP8RXMtf6e8aTskBGqWdc=
golang.org/x/lint v0.0.0-20200302205851-738671d3881b/go.mod h1:3xt1FjdF8hUf6vQPIChWIBhFzV8gjjsPE/fR3IyQdNY=
golang.org/x/mod v0.1.1-0.20191105210325-c90efee705ee/go.mod h1:QqPTAvyqsEbceGzBzNggFXnrqF1CaUcvgkdR5Ot7KZg=
golang.org/x/mod v0.35.0 h1:Ww1D637e6Pg+Zb2KrWfHQUnH2dQRLBQyAtpr/haaJeM=
golang.org/x/mod v0.35.0/go.mod h1:+GwiRhIInF8wPm+4AoT6L0FA1QWAad3OMdTRx4tFYlU=
golang.org/x/net v0.0.0-20190404232315-eb5bcb51f2a3/go.mod h1:t9HGtf8HONx5eT2rtn7q6eTqICYqUVnKs3thJo3Qplg=
golang.org/x/net v0.0.0-20190620200207-3b0461eec859/go.mod h1:z5CRVTTTmAJ677TzLLGU+0bjPO0LkuOLi4/5GtJWs/s=
golang.org/x/net v0.0.0-20190923162816-aa69164e4478/go.mod h1:z5CRVTTTmAJ677TzLLGU+0bjPO0LkuOLi4/5GtJWs/s=
golang.org/x/net v0.0.0-20200114155413-6afb5195e5aa/go.mod h1:z5CRVTTTmAJ677TzLLGU+0bjPO0LkuOLi4/5GtJWs/s=
golang.org/x/net v0.55.0 h1:bcvxaJn3e1U6InsFWt1JUq1aSjnRxLzT2rtD2KfkDF8=
golang.org/x/net v0.55.0/go.mod h1:L5U2KuzuOe1lY7Z+aWVIKK6qEeJXnXV9yzGA+WCHJww=
golang.org/x/sync v0.0.0-20190423024810-112230192c58/go.mod h1:RxMgew5VJxzue5/jJTE5uejpjVlOe/izrB70Jof72aM=
golang.org/x/sync v0.20.0 h1:e0PTpb7pjO8GAtTs2dQ6jYa5BWYlMuX047Dco/pItO4=
golang.org/x/sync v0.20.0/go.mod h1:9xrNwdLfx4jkKbNva9FpL6vEN7evnE43NNNJQ2LF3+0=
golang.org/x/sys v0.0.0-20190215142949-d0b11bdaac8a/go.mod h1:STP8DvDyc/dI5b8T5hshtkjS+E42TnysNCUPdjciGhY=
golang.org/x/sys v0.0.0-20190412213103-97732733099d/go.mod h1:h1NjWce9XRLGQEsW7wpKNCjG9DtNlClVuFLEZdDNbEs=
golang.org/x/sys v0.0.0-20190924154521-2837fb4f24fe/go.mod h1:h1NjWce9XRLGQEsW7wpKNCjG9DtNlClVuFLEZdDNbEs=
golang.org/x/sys v0.2.0/go.mod h1:oPkhp1MJrh7nUepCBck5+mAzfO9JrbApNNgaTdGDITg=
golang.org/x/sys v0.10.0/go.mod h1:oPkhp1MJrh7nUepCBck5+mAzfO9JrbApNNgaTdGDITg=
golang.org/x/sys v0.45.0 h1:dO4czNzziLiiXplLQgBCEpCvXQ3dnkn0SdaZSYdQ+FY=
golang.org/x/sys v0.45.0/go.mod h1:4GL1E5IUh+htKOUEOaiffhrAeqysfVGipDYzABqnCmw=
golang.org/x/term v0.43.0 h1:S4RLU2sB31O/NCl+zFN9Aru9A/Cq2aqKpTZJ6B+DwT4=
golang.org/x/term v0.43.0/go.mod h1:lrhlHNdQJHO+1qVYiHfFKVuVioJIheAc3fBSMFYEIsk=
golang.org/x/text v0.3.0/go.mod h1:NqM8EUOU14njkJ3fqMW+pc6Ldnwhi/IjpwHt7yyuwOQ=
golang.org/x/text v0.37.0 h1:Cqjiwd9eSg8e0QAkyCaQTNHFIIzWtidPahFWR83rTrc=
golang.org/x/text v0.37.0/go.mod h1:a5sjxXGs9hsn/AJVwuElvCAo9v8QYLzvavO5z2PiM38=
golang.org/x/time v0.5.0 h1:o7cqy6amK/52YcAKIPlM3a+Fpj35zvRj2TP+e1xFSfk=
golang.org/x/time v0.5.0/go.mod h1:3BpzKBy/shNhVucY/MWOyx10tF3SFh9QdLuxbVysPQM=
golang.org/x/tools v0.0.0-20191216052735-49a3e744a425/go.mod h1:TB2adYChydJhpapKDTa4BR/hXlZSLoq2Wpct/0txZ28=
golang.org/x/tools v0.0.0-20200130002326-2f3ba24bd6e7/go.mod h1:TB2adYChydJhpapKDTa4BR/hXlZSLoq2Wpct/0txZ28=
golang.org/x/tools v0.44.0 h1:UP4ajHPIcuMjT1GqzDWRlalUEoY+uzoZKnhOjbIPD2c=
golang.org/x/tools v0.44.0/go.mod h1:KA0AfVErSdxRZIsOVipbv3rQhVXTnlU6UhKxHd1seDI=
golang.org/x/xerrors v0.0.0-20191011141410-1b5146add898/go.mod h1:I/5z698sn9Ka8TeJc9MKroUUfqBBauWjQqLJ2OPfmY0=
golang.zx2c4.com/wintun v0.0.0-20230126152724-0fa3db229ce2 h1:B82qJJgjvYKsXS9jeunTOisW56dUokqW/FOteYJJ/yg=
golang.zx2c4.com/wintun v0.0.0-20230126152724-0fa3db229ce2/go.mod h1:deeaetjYA+DHMHg+sMSMI58GrEteJUUzzw7en6TJQcI=
google.golang.org/protobuf v1.32.0 h1:pPC6BG5ex8PDFnkbrGU3EixyhKcQ2aDuBS36lqK/C7I=
google.golang.org/protobuf v1.32.0/go.mod h1:c6P6GXX6sHbq/GpV6MGZEdwhWPcYBgnhAHhKbcUYpos=
gopkg.in/check.v1 v0.0.0-20161208181325-20d25e280405/go.mod h1:Co6ibVJAznAaIkqp8huTwlJQCZ016jof/cbN4VW5Yz0=
gopkg.in/check.v1 v1.0.0-20201130134442-10cb98267c6c h1:Hei/4ADfdWqJk1ZMxUNpqntNwaWcugrBjAiHlqqRiVk=
gopkg.in/check.v1 v1.0.0-20201130134442-10cb98267c6c/go.mod h1:JHkPIbrfpd72SG/EVd6muEfDQjcINNoR0C8j2r3qZ4Q=
gopkg.in/yaml.v1 v1.0.0-20140924161607-9f9df34309c0/go.mod h1:WDnlLJ4WF5VGsH/HVa3CI79GS0ol3YnhVnKP89i0kNg=
gopkg.in/yaml.v3 v3.0.1 h1:fxVm/GzAzEWqLHuvctI91KS9hhNmmWOoWu0XTYJS7CA=
gopkg.in/yaml.v3 v3.0.1/go.mod h1:K4uyk7z7BCEPqu6E+C64Yfv1cQ7kz7rIZviUmN+EgEM=
gvisor.dev/gvisor v0.0.0-20240405191320-0878b34101b5 h1:DOUDfNS+CFMM46k18FRF5k/0yz5NhZYMiUQxf4xglIU=
gvisor.dev/gvisor v0.0.0-20240405191320-0878b34101b5/go.mod h1:NQHVAzMwvZ+Qe3ElSiHmq9RUm1MdNHpUZ52fiEqvn+0=
howett.net/plist v1.0.1 h1:37GdZ8tP09Q35o9ych3ehygcsL+HqKSwzctveSlarvM=
howett.net/plist v1.0.1/go.mod h1:lqaXoTrLY4hg8tnEzNru53gicrbv7rrk+2xJA/7hw9g=
software.sslmate.com/src/go-pkcs12 v0.7.2 h1:Rh9FoMaI5k7Oo6EOS+2/BnoZ+JFIS+XHjM0VGkSPXLM=
software.sslmate.com/src/go-pkcs12 v0.7.2/go.mod h1:Qiz0EyvDRJjjxGyUQa2cCNZn/wMyzrRJ/qcDXOQazLI=
